
Microsoft Visual Studio Solution File, Format Version 12.00
# Visual Studio Version 17
VisualStudioVersion = 17.11.35327.3
MinimumVisualStudioVersion = 10.0.40219.1
Project("{FAE04EC0-301F-11D3-BF4B-00C04F79EFBC}") = "MobileAPI_V2", "MobileAPI_V2.csproj", "{32AA9D9B-C69D-43FE-929C-DA86F1964F57}"
EndProject
Global
	GlobalSection(SolutionConfigurationPlatforms) = preSolution
		Debug|Any CPU = Debug|Any CPU
		Release|Any CPU = Release|Any CPU
	EndGlobalSection
	GlobalSection(ProjectConfigurationPlatforms) = postSolution
		{32AA9D9B-C69D-43FE-929C-DA86F1964F57}.Debug|Any CPU.ActiveCfg = Debug|Any CPU
		{32AA9D9B-C69D-43FE-929C-DA86F1964F57}.Debug|Any CPU.Build.0 = Debug|Any CPU
		{32AA9D9B-C69D-43FE-929C-DA86F1964F57}.Release|Any CPU.ActiveCfg = Release|Any CPU
		{32AA9D9B-C69D-43FE-929C-DA86F1964F57}.Release|Any CPU.Build.0 = Release|Any CPU
	EndGlobalSection
	GlobalSection(SolutionProperties) = preSolution
		HideSolutionNode = FALSE
	EndGlobalSection
	GlobalSection(ExtensibilityGlobals) = postSolution
		SolutionGuid = {0E8E5AA0-CDDD-4A08-92CF-8F6F2D5EAC89}
	EndGlobalSection
EndGlobal
